
Microsoft Visual Studio Solution File, Format Version 12.00
# Visual Studio 14
VisualStudioVersion = 14.0.25420.1
MinimumVisualStudioVersion = 10.0.40219.1
Project("{FAE04EC0-301F-11D3-BF4B-00C04F79EFBC}") = "MakeShiftRecipies", "MakeShiftRecipies\MakeShiftRecipies.csproj", "{C2DB56FF-2E85-4902-B73C-1DF9BBA334E2}"
EndProject
Global
	GlobalSection(SolutionConfigurationPlatforms) = preSolution
		Debug|Any CPU = Debug|Any CPU
		Mobirise|Any CPU = Mobirise|Any CPU
		Release|Any CPU = Release|Any CPU
	EndGlobalSection
	GlobalSection(ProjectConfigurationPlatforms) = postSolution
		{C2DB56FF-2E85-4902-B73C-1DF9BBA334E2}.Debug|Any CPU.ActiveCfg = Debug|Any CPU
		{C2DB56FF-2E85-4902-B73C-1DF9BBA334E2}.Debug|Any CPU.Build.0 = Debug|Any CPU
		{C2DB56FF-2E85-4902-B73C-1DF9BBA334E2}.Mobirise|Any CPU.ActiveCfg = Mobirise|Any CPU
		{C2DB56FF-2E85-4902-B73C-1DF9BBA334E2}.Mobirise|Any CPU.Build.0 = Mobirise|Any CPU
		{C2DB56FF-2E85-4902-B73C-1DF9BBA334E2}.Mobirise|Any CPU.Deploy.0 = Mobirise|Any CPU
		{C2DB56FF-2E85-4902-B73C-1DF9BBA334E2}.Release|Any CPU.ActiveCfg = Release|Any CPU
		{C2DB56FF-2E85-4902-B73C-1DF9BBA334E2}.Release|Any CPU.Build.0 = Release|Any CPU
	EndGlobalSection
	GlobalSection(SolutionProperties) = preSolution
		HideSolutionNode = FALSE
	EndGlobalSection
EndGlobal
